
Microsoft Visual Studio Solution File, Format Version 12.00
# Visual Studio Version 17
VisualStudioVersion = 17.2.32616.157
MinimumVisualStudioVersion = 10.0.40219.1
Project("{FAE04EC0-301F-11D3-BF4B-00C04F79EFBC}") = "HelloWorld", "HelloWorld\HelloWorld.csproj", "{B105D411-B0B8-40FF-BC35-1C0B89734B22}"
EndProject
Global
	GlobalSection(SolutionConfigurationPlatforms) = preSolution
		Debug|Any CPU = Debug|Any CPU
		Release|Any CPU = Release|Any CPU
	EndGlobalSection
	GlobalSection(ProjectConfigurationPlatforms) = postSolution
		{B105D411-B0B8-40FF-BC35-1C0B89734B22}.Debug|Any CPU.ActiveCfg = Debug|Any CPU
		{B105D411-B0B8-40FF-BC35-1C0B89734B22}.Debug|Any CPU.Build.0 = Debug|Any CPU
		{B105D411-B0B8-40FF-BC35-1C0B89734B22}.Release|Any CPU.ActiveCfg = Release|Any CPU
		{B105D411-B0B8-40FF-BC35-1C0B89734B22}.Release|Any CPU.Build.0 = Release|Any CPU
	EndGlobalSection
	GlobalSection(SolutionProperties) = preSolution
		HideSolutionNode = FALSE
	EndGlobalSection
	GlobalSection(ExtensibilityGlobals) = postSolution
		SolutionGuid = {E651CBF0-52A9-482E-8F6D-817EAF80D5D4}
	EndGlobalSection
EndGlobal
